
Microsoft Visual Studio Solution File, Format Version 12.00
# Visual Studio Version 16
VisualStudioVersion = 16.0.29920.165
MinimumVisualStudioVersion = 10.0.40219.1
Project("{9A19103F-16F7-4668-BE54-9A1E7A4F7556}") = "GHApi", "GHApi\GHApi.csproj", "{EF52856C-3095-4897-A965-4BC32E23FDB8}"
EndProject
Project("{00D1A9C2-B5F0-4AF3-8072-F6C62B433612}") = "GHApi_DB", "GHApi_DB\GHApi_DB.sqlproj", "{C5751F05-AD24-4E28-AE8E-1DCEFC259756}"
EndProject
Global
	GlobalSection(SolutionConfigurationPlatforms) = preSolution
		Debug|Any CPU = Debug|Any CPU
		Release|Any CPU = Release|Any CPU
	EndGlobalSection
	GlobalSection(ProjectConfigurationPlatforms) = postSolution
		{EF52856C-3095-4897-A965-4BC32E23FDB8}.Debug|Any CPU.ActiveCfg = Debug|Any CPU
		{EF52856C-3095-4897-A965-4BC32E23FDB8}.Debug|Any CPU.Build.0 = Debug|Any CPU
		{EF52856C-3095-4897-A965-4BC32E23FDB8}.Release|Any CPU.ActiveCfg = Release|Any CPU
		{EF52856C-3095-4897-A965-4BC32E23FDB8}.Release|Any CPU.Build.0 = Release|Any CPU
		{C5751F05-AD24-4E28-AE8E-1DCEFC259756}.Debug|Any CPU.ActiveCfg = Debug|Any CPU
		{C5751F05-AD24-4E28-AE8E-1DCEFC259756}.Debug|Any CPU.Build.0 = Debug|Any CPU
		{C5751F05-AD24-4E28-AE8E-1DCEFC259756}.Debug|Any CPU.Deploy.0 = Debug|Any CPU
		{C5751F05-AD24-4E28-AE8E-1DCEFC259756}.Release|Any CPU.ActiveCfg = Release|Any CPU
		{C5751F05-AD24-4E28-AE8E-1DCEFC259756}.Release|Any CPU.Build.0 = Release|Any CPU
		{C5751F05-AD24-4E28-AE8E-1DCEFC259756}.Release|Any CPU.Deploy.0 = Release|Any CPU
	EndGlobalSection
	GlobalSection(SolutionProperties) = preSolution
		HideSolutionNode = FALSE
	EndGlobalSection
	GlobalSection(ExtensibilityGlobals) = postSolution
		SolutionGuid = {6E9AC3A4-C1F8-4AEF-9C37-43543260B0B7}
	EndGlobalSection
EndGlobal
